
Microsoft Visual Studio Solution File, Format Version 12.00
# Visual Studio Version 16
VisualStudioVersion = 16.0.29806.167
MinimumVisualStudioVersion = 10.0.40219.1
Project("{9A19103F-16F7-4668-BE54-9A1E7A4F7556}") = "StartJob", "UiPathRunJob\StartJob.csproj", "{A75DB85B-C2EB-4502-A48F-7E39AB0CA323}"
EndProject
Project("{9A19103F-16F7-4668-BE54-9A1E7A4F7556}") = "Authenticate", "Authenticate\Authenticate.csproj", "{B8D4168D-5F41-4829-81CD-2028C4D9ABA7}"
EndProject
Project("{9A19103F-16F7-4668-BE54-9A1E7A4F7556}") = "QueryReleaseKey", "QueryReleaseKey\QueryReleaseKey.csproj", "{0864D7C2-3FA4-4961-B212-2C5EF2C8BBFA}"
EndProject
Project("{9A19103F-16F7-4668-BE54-9A1E7A4F7556}") = "QueryJob", "QueryJob\QueryJob.csproj", "{52FC8091-0F45-4692-9298-1F16DB32383F}"
EndProject
Global
	GlobalSection(SolutionConfigurationPlatforms) = preSolution
		Debug|Any CPU = Debug|Any CPU
		Release|Any CPU = Release|Any CPU
	EndGlobalSection
	GlobalSection(ProjectConfigurationPlatforms) = postSolution
		{A75DB85B-C2EB-4502-A48F-7E39AB0CA323}.Debug|Any CPU.ActiveCfg = Debug|Any CPU
		{A75DB85B-C2EB-4502-A48F-7E39AB0CA323}.Debug|Any CPU.Build.0 = Debug|Any CPU
		{A75DB85B-C2EB-4502-A48F-7E39AB0CA323}.Release|Any CPU.ActiveCfg = Release|Any CPU
		{A75DB85B-C2EB-4502-A48F-7E39AB0CA323}.Release|Any CPU.Build.0 = Release|Any CPU
		{B8D4168D-5F41-4829-81CD-2028C4D9ABA7}.Debug|Any CPU.ActiveCfg = Debug|Any CPU
		{B8D4168D-5F41-4829-81CD-2028C4D9ABA7}.Debug|Any CPU.Build.0 = Debug|Any CPU
		{B8D4168D-5F41-4829-81CD-2028C4D9ABA7}.Release|Any CPU.ActiveCfg = Release|Any CPU
		{B8D4168D-5F41-4829-81CD-2028C4D9ABA7}.Release|Any CPU.Build.0 = Release|Any CPU
		{0864D7C2-3FA4-4961-B212-2C5EF2C8BBFA}.Debug|Any CPU.ActiveCfg = Debug|Any CPU
		{0864D7C2-3FA4-4961-B212-2C5EF2C8BBFA}.Debug|Any CPU.Build.0 = Debug|Any CPU
		{0864D7C2-3FA4-4961-B212-2C5EF2C8BBFA}.Release|Any CPU.ActiveCfg = Release|Any CPU
		{0864D7C2-3FA4-4961-B212-2C5EF2C8BBFA}.Release|Any CPU.Build.0 = Release|Any CPU
		{52FC8091-0F45-4692-9298-1F16DB32383F}.Debug|Any CPU.ActiveCfg = Debug|Any CPU
		{52FC8091-0F45-4692-9298-1F16DB32383F}.Debug|Any CPU.Build.0 = Debug|Any CPU
		{52FC8091-0F45-4692-9298-1F16DB32383F}.Release|Any CPU.ActiveCfg = Release|Any CPU
		{52FC8091-0F45-4692-9298-1F16DB32383F}.Release|Any CPU.Build.0 = Release|Any CPU
	EndGlobalSection
	GlobalSection(SolutionProperties) = preSolution
		HideSolutionNode = FALSE
	EndGlobalSection
	GlobalSection(ExtensibilityGlobals) = postSolution
		SolutionGuid = {CAA10494-2E67-4EE1-B00C-79A8771C8F2B}
	EndGlobalSection
EndGlobal
